
Microsoft Visual Studio Solution File, Format Version 12.00
# Visual Studio Version 17
VisualStudioVersion = 17.0.31919.166
MinimumVisualStudioVersion = 10.0.40219.1
Project("{FAE04EC0-301F-11D3-BF4B-00C04F79EFBC}") = "WindowsFormsApp1", "WindowsFormsApp1\WindowsFormsApp1.csproj", "{B362B1EF-5786-41C5-8E27-036DB37C6B0A}"
EndProject
Global
	GlobalSection(SolutionConfigurationPlatforms) = preSolution
		Debug|Any CPU = Debug|Any CPU
		Release|Any CPU = Release|Any CPU
	EndGlobalSection
	GlobalSection(ProjectConfigurationPlatforms) = postSolution
		{B362B1EF-5786-41C5-8E27-036DB37C6B0A}.Debug|Any CPU.ActiveCfg = Debug|Any CPU
		{B362B1EF-5786-41C5-8E27-036DB37C6B0A}.Debug|Any CPU.Build.0 = Debug|Any CPU
		{B362B1EF-5786-41C5-8E27-036DB37C6B0A}.Release|Any CPU.ActiveCfg = Release|Any CPU
		{B362B1EF-5786-41C5-8E27-036DB37C6B0A}.Release|Any CPU.Build.0 = Release|Any CPU
	EndGlobalSection
	GlobalSection(SolutionProperties) = preSolution
		HideSolutionNode = FALSE
	EndGlobalSection
	GlobalSection(ExtensibilityGlobals) = postSolution
		SolutionGuid = {EA564BA7-70C1-4AAE-8421-D6A73AB9ED1B}
	EndGlobalSection
EndGlobal
